Microsoft Visual Studio Solution File, Format Version 12.00
# Visual Studio Version 17
VisualStudioVersion = 17.5.2.0
MinimumVisualStudioVersion = 10.0.40219.1
Project("{2150E333-8FDC-42A3-9474-1A3956D46DE8}") = "Editor", "Editor", "{28251423-8E50-9DF4-F913-DC1FAAA673F1}"
EndProject
Project("{2150E333-8FDC-42A3-9474-1A3956D46DE8}") = "Analysis", "Analysis", "{8FF7DA7F-EC08-A268-1DA8-C8FFB001FF15}"
EndProject
Project("{FAE04EC0-301F-11D3-BF4B-00C04F79EFBC}") = "Generator", "Editor\Analysis\ActionsRegistrationGenerator~\Generator.csproj", "{C89B0CFD-39CB-28BA-7029-67B07E07109E}"
EndProject
Global
	GlobalSection(SolutionConfigurationPlatforms) = preSolution
		Debug|Any CPU = Debug|Any CPU
		Release|Any CPU = Release|Any CPU
	EndGlobalSection
	GlobalSection(ProjectConfigurationPlatforms) = postSolution
		{C89B0CFD-39CB-28BA-7029-67B07E07109E}.Debug|Any CPU.ActiveCfg = Debug|Any CPU
		{C89B0CFD-39CB-28BA-7029-67B07E07109E}.Debug|Any CPU.Build.0 = Debug|Any CPU
		{C89B0CFD-39CB-28BA-7029-67B07E07109E}.Release|Any CPU.ActiveCfg = Release|Any CPU
		{C89B0CFD-39CB-28BA-7029-67B07E07109E}.Release|Any CPU.Build.0 = Release|Any CPU
	EndGlobalSection
	GlobalSection(SolutionProperties) = preSolution
		HideSolutionNode = FALSE
	EndGlobalSection
	GlobalSection(NestedProjects) = preSolution
		{8FF7DA7F-EC08-A268-1DA8-C8FFB001FF15} = {28251423-8E50-9DF4-F913-DC1FAAA673F1}
		{C89B0CFD-39CB-28BA-7029-67B07E07109E} = {8FF7DA7F-EC08-A268-1DA8-C8FFB001FF15}
	EndGlobalSection
	GlobalSection(ExtensibilityGlobals) = postSolution
		SolutionGuid = {B207EAFC-7145-45A8-8AA1-F0873E6BB949}
	EndGlobalSection
EndGlobal
